
Microsoft Visual Studio Solution File, Format Version 12.00
# Visual Studio 15
VisualStudioVersion = 15.0.28307.136
MinimumVisualStudioVersion = 10.0.40219.1
Project("{FAE04EC0-301F-11D3-BF4B-00C04F79EFBC}") = "timeFairy", "timeFairy\timeFairy.csproj", "{F1ABC0BE-9E07-48CD-B03A-E42BDC57A27B}"
EndProject
Project("{FAE04EC0-301F-11D3-BF4B-00C04F79EFBC}") = "clock", "clock\clock.csproj", "{FC616144-6C3F-4368-8A19-9C6FB7702E1D}"
EndProject
Project("{FAE04EC0-301F-11D3-BF4B-00C04F79EFBC}") = "TestThings", "ConsoleApp1\TestThings.csproj", "{FCFBAA4F-CB77-4BE7-9A0F-2C03EA4D13FA}"
EndProject
Project("{FAE04EC0-301F-11D3-BF4B-00C04F79EFBC}") = "TestCollection", "TestCollection\TestCollection.csproj", "{D247C4A9-D0AE-47B7-A937-F37E35FC62A9}"
EndProject
Project("{FAE04EC0-301F-11D3-BF4B-00C04F79EFBC}") = "TestFile", "TestFile\TestFile.csproj", "{206E0402-1205-4C5E-A573-B1DF95610F7A}"
EndProject
Global
	GlobalSection(SolutionConfigurationPlatforms) = preSolution
		Debug|Any CPU = Debug|Any CPU
		Debug|x64 = Debug|x64
		Debug|x86 = Debug|x86
		Release|Any CPU = Release|Any CPU
		Release|x64 = Release|x64
		Release|x86 = Release|x86
	EndGlobalSection
	GlobalSection(ProjectConfigurationPlatforms) = postSolution
		{F1ABC0BE-9E07-48CD-B03A-E42BDC57A27B}.Debug|Any CPU.ActiveCfg = Debug|Any CPU
		{F1ABC0BE-9E07-48CD-B03A-E42BDC57A27B}.Debug|Any CPU.Build.0 = Debug|Any CPU
		{F1ABC0BE-9E07-48CD-B03A-E42BDC57A27B}.Debug|x64.ActiveCfg = Debug|Any CPU
		{F1ABC0BE-9E07-48CD-B03A-E42BDC57A27B}.Debug|x64.Build.0 = Debug|Any CPU
		{F1ABC0BE-9E07-48CD-B03A-E42BDC57A27B}.Debug|x86.ActiveCfg = Debug|Any CPU
		{F1ABC0BE-9E07-48CD-B03A-E42BDC57A27B}.Debug|x86.Build.0 = Debug|Any CPU
		{F1ABC0BE-9E07-48CD-B03A-E42BDC57A27B}.Release|Any CPU.ActiveCfg = Release|Any CPU
		{F1ABC0BE-9E07-48CD-B03A-E42BDC57A27B}.Release|Any CPU.Build.0 = Release|Any CPU
		{F1ABC0BE-9E07-48CD-B03A-E42BDC57A27B}.Release|x64.ActiveCfg = Release|Any CPU
		{F1ABC0BE-9E07-48CD-B03A-E42BDC57A27B}.Release|x64.Build.0 = Release|Any CPU
		{F1ABC0BE-9E07-48CD-B03A-E42BDC57A27B}.Release|x86.ActiveCfg = Release|Any CPU
		{F1ABC0BE-9E07-48CD-B03A-E42BDC57A27B}.Release|x86.Build.0 = Release|Any CPU
		{FC616144-6C3F-4368-8A19-9C6FB7702E1D}.Debug|Any CPU.ActiveCfg = Debug|Any CPU
		{FC616144-6C3F-4368-8A19-9C6FB7702E1D}.Debug|Any CPU.Build.0 = Debug|Any CPU
		{FC616144-6C3F-4368-8A19-9C6FB7702E1D}.Debug|x64.ActiveCfg = Debug|Any CPU
		{FC616144-6C3F-4368-8A19-9C6FB7702E1D}.Debug|x64.Build.0 = Debug|Any CPU
		{FC616144-6C3F-4368-8A19-9C6FB7702E1D}.Debug|x86.ActiveCfg = Debug|Any CPU
		{FC616144-6C3F-4368-8A19-9C6FB7702E1D}.Debug|x86.Build.0 = Debug|Any CPU
		{FC616144-6C3F-4368-8A19-9C6FB7702E1D}.Release|Any CPU.ActiveCfg = Release|Any CPU
		{FC616144-6C3F-4368-8A19-9C6FB7702E1D}.Release|Any CPU.Build.0 = Release|Any CPU
		{FC616144-6C3F-4368-8A19-9C6FB7702E1D}.Release|x64.ActiveCfg = Release|Any CPU
		{FC616144-6C3F-4368-8A19-9C6FB7702E1D}.Release|x64.Build.0 = Release|Any CPU
		{FC616144-6C3F-4368-8A19-9C6FB7702E1D}.Release|x86.ActiveCfg = Release|Any CPU
		{FC616144-6C3F-4368-8A19-9C6FB7702E1D}.Release|x86.Build.0 = Release|Any CPU
		{FCFBAA4F-CB77-4BE7-9A0F-2C03EA4D13FA}.Debug|Any CPU.ActiveCfg = Debug|Any CPU
		{FCFBAA4F-CB77-4BE7-9A0F-2C03EA4D13FA}.Debug|Any CPU.Build.0 = Debug|Any CPU
		{FCFBAA4F-CB77-4BE7-9A0F-2C03EA4D13FA}.Debug|x64.ActiveCfg = Debug|Any CPU
		{FCFBAA4F-CB77-4BE7-9A0F-2C03EA4D13FA}.Debug|x64.Build.0 = Debug|Any CPU
		{FCFBAA4F-CB77-4BE7-9A0F-2C03EA4D13FA}.Debug|x86.ActiveCfg = Debug|Any CPU
		{FCFBAA4F-CB77-4BE7-9A0F-2C03EA4D13FA}.Debug|x86.Build.0 = Debug|Any CPU
		{FCFBAA4F-CB77-4BE7-9A0F-2C03EA4D13FA}.Release|Any CPU.ActiveCfg = Release|Any CPU
		{FCFBAA4F-CB77-4BE7-9A0F-2C03EA4D13FA}.Release|Any CPU.Build.0 = Release|Any CPU
		{FCFBAA4F-CB77-4BE7-9A0F-2C03EA4D13FA}.Release|x64.ActiveCfg = Release|Any CPU
		{FCFBAA4F-CB77-4BE7-9A0F-2C03EA4D13FA}.Release|x64.Build.0 = Release|Any CPU
		{FCFBAA4F-CB77-4BE7-9A0F-2C03EA4D13FA}.Release|x86.ActiveCfg = Release|Any CPU
		{FCFBAA4F-CB77-4BE7-9A0F-2C03EA4D13FA}.Release|x86.Build.0 = Release|Any CPU
		{D247C4A9-D0AE-47B7-A937-F37E35FC62A9}.Debug|Any CPU.ActiveCfg = Debug|Any CPU
		{D247C4A9-D0AE-47B7-A937-F37E35FC62A9}.Debug|Any CPU.Build.0 = Debug|Any CPU
		{D247C4A9-D0AE-47B7-A937-F37E35FC62A9}.Debug|x64.ActiveCfg = Debug|Any CPU
		{D247C4A9-D0AE-47B7-A937-F37E35FC62A9}.Debug|x64.Build.0 = Debug|Any CPU
		{D247C4A9-D0AE-47B7-A937-F37E35FC62A9}.Debug|x86.ActiveCfg = Debug|Any CPU
		{D247C4A9-D0AE-47B7-A937-F37E35FC62A9}.Debug|x86.Build.0 = Debug|Any CPU
		{D247C4A9-D0AE-47B7-A937-F37E35FC62A9}.Release|Any CPU.ActiveCfg = Release|Any CPU
		{D247C4A9-D0AE-47B7-A937-F37E35FC62A9}.Release|Any CPU.Build.0 = Release|Any CPU
		{D247C4A9-D0AE-47B7-A937-F37E35FC62A9}.Release|x64.ActiveCfg = Release|Any CPU
		{D247C4A9-D0AE-47B7-A937-F37E35FC62A9}.Release|x64.Build.0 = Release|Any CPU
		{D247C4A9-D0AE-47B7-A937-F37E35FC62A9}.Release|x86.ActiveCfg = Release|Any CPU
		{D247C4A9-D0AE-47B7-A937-F37E35FC62A9}.Release|x86.Build.0 = Release|Any CPU
		{206E0402-1205-4C5E-A573-B1DF95610F7A}.Debug|Any CPU.ActiveCfg = Debug|Any CPU
		{206E0402-1205-4C5E-A573-B1DF95610F7A}.Debug|Any CPU.Build.0 = Debug|Any CPU
		{206E0402-1205-4C5E-A573-B1DF95610F7A}.Debug|x64.ActiveCfg = Debug|Any CPU
		{206E0402-1205-4C5E-A573-B1DF95610F7A}.Debug|x64.Build.0 = Debug|Any CPU
		{206E0402-1205-4C5E-A573-B1DF95610F7A}.Debug|x86.ActiveCfg = Debug|Any CPU
		{206E0402-1205-4C5E-A573-B1DF95610F7A}.Debug|x86.Build.0 = Debug|Any CPU
		{206E0402-1205-4C5E-A573-B1DF95610F7A}.Release|Any CPU.ActiveCfg = Release|Any CPU
		{206E0402-1205-4C5E-A573-B1DF95610F7A}.Release|Any CPU.Build.0 = Release|Any CPU
		{206E0402-1205-4C5E-A573-B1DF95610F7A}.Release|x64.ActiveCfg = Release|Any CPU
		{206E0402-1205-4C5E-A573-B1DF95610F7A}.Release|x64.Build.0 = Release|Any CPU
		{206E0402-1205-4C5E-A573-B1DF95610F7A}.Release|x86.ActiveCfg = Release|Any CPU
		{206E0402-1205-4C5E-A573-B1DF95610F7A}.Release|x86.Build.0 = Release|Any CPU
	EndGlobalSection
	GlobalSection(SolutionProperties) = preSolution
		HideSolutionNode = FALSE
	EndGlobalSection
	GlobalSection(ExtensibilityGlobals) = postSolution
		SolutionGuid = {E5900DE4-FEF3-4455-9572-3E39B1D3852D}
	EndGlobalSection
EndGlobal
